// !$*UTF8*$!
{
	archiveVersion = 1;
	classes = {
	};
	objectVersion = 51;
	objects = {

/* Begin PBXBuildFile section */
		C9052E5E25CC7A83006417CA /* CustomNavigationViewController.swift in Sources */ = {isa = PBXBuildFile; fileRef = C9052E5D25CC7A83006417CA /* CustomNavigationViewController.swift */; };
		C9052E6125CC7ED5006417CA /* CustomPushAnimator.swift in Sources */ = {isa = PBXBuildFile; fileRef = C9052E6025CC7ED5006417CA /* CustomPushAnimator.swift */; };
		C90783AB25AA151300894143 /* User.swift in Sources */ = {isa = PBXBuildFile; fileRef = C90783AA25AA151300894143 /* User.swift */; };
		C90783AE25AA152800894143 /* Group.swift in Sources */ = {isa = PBXBuildFile; fileRef = C90783AD25AA152800894143 /* Group.swift */; };
		C9113BA725CEB3B0003E7363 /* CustomPopAnimator.swift in Sources */ = {isa = PBXBuildFile; fileRef = C9113BA625CEB3B0003E7363 /* CustomPopAnimator.swift */; };
		C91474C825B9FEF00026A1BD /* NewsTableViewController.swift in Sources */ = {isa = PBXBuildFile; fileRef = C91474C725B9FEF00026A1BD /* NewsTableViewController.swift */; };
		C91474CF25BA054A0026A1BD /* NewsTableViewCell.swift in Sources */ = {isa = PBXBuildFile; fileRef = C91474CD25BA054A0026A1BD /* NewsTableViewCell.swift */; };
		C91474D025BA054A0026A1BD /* NewsTableViewCell.xib in Resources */ = {isa = PBXBuildFile; fileRef = C91474CE25BA054A0026A1BD /* NewsTableViewCell.xib */; };
		C91474D525BA18590026A1BD /* News.swift in Sources */ = {isa = PBXBuildFile; fileRef = C91474D425BA18590026A1BD /* News.swift */; };
		C92441B6258F9B2B00A95FA2 /* AppDelegate.swift in Sources */ = {isa = PBXBuildFile; fileRef = C92441B5258F9B2B00A95FA2 /* AppDelegate.swift */; };
		C92441B8258F9B2B00A95FA2 /* SceneDelegate.swift in Sources */ = {isa = PBXBuildFile; fileRef = C92441B7258F9B2B00A95FA2 /* SceneDelegate.swift */; };
		C92441BA258F9B2B00A95FA2 /* LoginViewController.swift in Sources */ = {isa = PBXBuildFile; fileRef = C92441B9258F9B2B00A95FA2 /* LoginViewController.swift */; };
		C92441BF258F9B2C00A95FA2 /* Assets.xcassets in Resources */ = {isa = PBXBuildFile; fileRef = C92441BE258F9B2C00A95FA2 /* Assets.xcassets */; };
		C92441C2258F9B2C00A95FA2 /* LaunchScreen.storyboard in Resources */ = {isa = PBXBuildFile; fileRef = C92441C0258F9B2C00A95FA2 /* LaunchScreen.storyboard */; };
		C92441CC258FAD2F00A95FA2 /* Main.storyboard in Resources */ = {isa = PBXBuildFile; fileRef = C92441BB258F9B2B00A95FA2 /* Main.storyboard */; };
		C93BBCCE25BC650100DB97F7 /* SearchHeader.swift in Sources */ = {isa = PBXBuildFile; fileRef = C93BBCCD25BC650100DB97F7 /* SearchHeader.swift */; };
		C93BBCD125BC65DC00DB97F7 /* SearchHeader.xib in Resources */ = {isa = PBXBuildFile; fileRef = C93BBCD025BC65DC00DB97F7 /* SearchHeader.xib */; };
		C93FCA8825CEF0B90022EA8E /* Session.swift in Sources */ = {isa = PBXBuildFile; fileRef = C93FCA8725CEF0B90022EA8E /* Session.swift */; };
		C942607325CECC650009F91A /* MyInteractiveTransition.swift in Sources */ = {isa = PBXBuildFile; fileRef = C942607225CECC650009F91A /* MyInteractiveTransition.swift */; };
		C945811D25BDACAD0058D1DF /* CommentsControl.swift in Sources */ = {isa = PBXBuildFile; fileRef = C945811C25BDACAD0058D1DF /* CommentsControl.swift */; };
		C945812025BDACFC0058D1DF /* RepostControl.swift in Sources */ = {isa = PBXBuildFile; fileRef = C945811F25BDACFB0058D1DF /* RepostControl.swift */; };
		C945812325BDAD190058D1DF /* ViewControl.swift in Sources */ = {isa = PBXBuildFile; fileRef = C945812225BDAD190058D1DF /* ViewControl.swift */; };
		C993571125A5D70200C1D851 /* GroupTableViewController.swift in Sources */ = {isa = PBXBuildFile; fileRef = C993571025A5D70200C1D851 /* GroupTableViewController.swift */; };
		C9B966B825D46AE900236C49 /* VkLoginViewController.swift in Sources */ = {isa = PBXBuildFile; fileRef = C9B966B725D46AE900236C49 /* VkLoginViewController.swift */; };
		C9B966BB25D4818C00236C49 /* NetworkManager.swift in Sources */ = {isa = PBXBuildFile; fileRef = C9B966BA25D4818C00236C49 /* NetworkManager.swift */; };
		C9B966BF25D484A900236C49 /* WebKit.framework in Frameworks */ = {isa = PBXBuildFile; fileRef = C9B966BE25D484A900236C49 /* WebKit.framework */; };
		C9BEF98B25A8767000BA3C00 /* MyGroupTableViewCell.swift in Sources */ = {isa = PBXBuildFile; fileRef = C9BEF98A25A8767000BA3C00 /* MyGroupTableViewCell.swift */; };
		C9BEF98E25A89C0A00BA3C00 /* FriendFotoCollectionViewController.swift in Sources */ = {isa = PBXBuildFile; fileRef = C9BEF98D25A89C0A00BA3C00 /* FriendFotoCollectionViewController.swift */; };
		C9BEF99125A8A40900BA3C00 /* FriendFotoCollectionViewCell.swift in Sources */ = {isa = PBXBuildFile; fileRef = C9BEF99025A8A40900BA3C00 /* FriendFotoCollectionViewCell.swift */; };
		C9BEF99425A8B37B00BA3C00 /* FriendTableViewController.swift in Sources */ = {isa = PBXBuildFile; fileRef = C9BEF99325A8B37B00BA3C00 /* FriendTableViewController.swift */; };
		C9BEF99725A8B3AF00BA3C00 /* FriendTableViewCell.swift in Sources */ = {isa = PBXBuildFile; fileRef = C9BEF99625A8B3AF00BA3C00 /* FriendTableViewCell.swift */; };
		C9C618AF25B0C4D800C4EEAC /* LikeControl.swift in Sources */ = {isa = PBXBuildFile; fileRef = C9C618AE25B0C4D800C4EEAC /* LikeControl.swift */; };
		C9D49E7C25C1FFE7006FB067 /* LoaderViewController.swift in Sources */ = {isa = PBXBuildFile; fileRef = C9D49E7B25C1FFE7006FB067 /* LoaderViewController.swift */; };
		C9DBAD7525C6BC9500BBC551 /* PreviewPhotoViewController.swift in Sources */ = {isa = PBXBuildFile; fileRef = C9DBAD7425C6BC9500BBC551 /* PreviewPhotoViewController.swift */; };
		C9E8C29B25A7190D00E0E75B /* GroupTableViewCell.swift in Sources */ = {isa = PBXBuildFile; fileRef = C9E8C29A25A7190D00E0E75B /* GroupTableViewCell.swift */; };
		C9E8C29E25A7893000E0E75B /* MyGroupTableViewController.swift in Sources */ = {isa = PBXBuildFile; fileRef = C9E8C29D25A7893000E0E75B /* MyGroupTableViewController.swift */; };
		C9F3F23725C46DB1002D4AED /* IconAction.swift in Sources */ = {isa = PBXBuildFile; fileRef = C9F3F23625C46DB1002D4AED /* IconAction.swift */; };
		CB0E6B46E3A304573C33E04F /* Pods_HW2_1.framework in Frameworks */ = {isa = PBXBuildFile; fileRef = 75AFA8681531A493D25677EC /* Pods_HW2_1.framework */; };
/* End PBXBuildFile section */

/* Begin PBXFileReference section */
		06EB8302A5F29813C3CFC0DB /* Pods-HW2.1.debug.xcconfig */ = {isa = PBXFileReference; includeInIndex = 1; lastKnownFileType = text.xcconfig; name = "Pods-HW2.1.debug.xcconfig"; path = "Target Support Files/Pods-HW2.1/Pods-HW2.1.debug.xcconfig"; sourceTree = "<group>"; };
		3CDD2A674376B14F9E7CD96B /* Pods-HW2.1.release.xcconfig */ = {isa = PBXFileReference; includeInIndex = 1; lastKnownFileType = text.xcconfig; name = "Pods-HW2.1.release.xcconfig"; path = "Target Support Files/Pods-HW2.1/Pods-HW2.1.release.xcconfig"; sourceTree = "<group>"; };
		75AFA8681531A493D25677EC /* Pods_HW2_1.framework */ = {isa = PBXFileReference; explicitFileType = wrapper.framework; includeInIndex = 0; path = Pods_HW2_1.framework; sourceTree = BUILT_PRODUCTS_DIR; };
		C9052E5D25CC7A83006417CA /* CustomNavigationViewController.swift */ = {isa = PBXFileReference; lastKnownFileType = sourcecode.swift; path = CustomNavigationViewController.swift; sourceTree = "<group>"; };
		C9052E6025CC7ED5006417CA /* CustomPushAnimator.swift */ = {isa = PBXFileReference; lastKnownFileType = sourcecode.swift; path = CustomPushAnimator.swift; sourceTree = "<group>"; };
		C90783AA25AA151300894143 /* User.swift */ = {isa = PBXFileReference; lastKnownFileType = sourcecode.swift; path = User.swift; sourceTree = "<group>"; };
		C90783AD25AA152800894143 /* Group.swift */ = {isa = PBXFileReference; lastKnownFileType = sourcecode.swift; path = Group.swift; sourceTree = "<group>"; };
		C9113BA625CEB3B0003E7363 /* CustomPopAnimator.swift */ = {isa = PBXFileReference; lastKnownFileType = sourcecode.swift; path = CustomPopAnimator.swift; sourceTree = "<group>"; };
		C91474C725B9FEF00026A1BD /* NewsTableViewController.swift */ = {isa = PBXFileReference; lastKnownFileType = sourcecode.swift; path = NewsTableViewController.swift; sourceTree = "<group>"; };
		C91474CD25BA054A0026A1BD /* NewsTableViewCell.swift */ = {isa = PBXFileReference; lastKnownFileType = sourcecode.swift; path = NewsTableViewCell.swift; sourceTree = "<group>"; };
		C91474CE25BA054A0026A1BD /* NewsTableViewCell.xib */ = {isa = PBXFileReference; lastKnownFileType = file.xib; path = NewsTableViewCell.xib; sourceTree = "<group>"; };
		C91474D425BA18590026A1BD /* News.swift */ = {isa = PBXFileReference; lastKnownFileType = sourcecode.swift; path = News.swift; sourceTree = "<group>"; };
		C92441B2258F9B2B00A95FA2 /* HW2.1.app */ = {isa = PBXFileReference; explicitFileType = wrapper.application; includeInIndex = 0; path = HW2.1.app; sourceTree = BUILT_PRODUCTS_DIR; };
		C92441B5258F9B2B00A95FA2 /* AppDelegate.swift */ = {isa = PBXFileReference; lastKnownFileType = sourcecode.swift; path = AppDelegate.swift; sourceTree = "<group>"; };
		C92441B7258F9B2B00A95FA2 /* SceneDelegate.swift */ = {isa = PBXFileReference; lastKnownFileType = sourcecode.swift; path = SceneDelegate.swift; sourceTree = "<group>"; };
		C92441B9258F9B2B00A95FA2 /* LoginViewController.swift */ = {isa = PBXFileReference; lastKnownFileType = sourcecode.swift; path = LoginViewController.swift; sourceTree = "<group>"; };
		C92441BC258F9B2B00A95FA2 /* Base */ = {isa = PBXFileReference; lastKnownFileType = file.storyboard; name = Base; path = Base.lproj/Main.storyboard; sourceTree = "<group>"; };
		C92441BE258F9B2C00A95FA2 /* Assets.xcassets */ = {isa = PBXFileReference; lastKnownFileType = folder.assetcatalog; path = Assets.xcassets; sourceTree = "<group>"; };
		C92441C1258F9B2C00A95FA2 /* Base */ = {isa = PBXFileReference; lastKnownFileType = file.storyboard; name = Base; path = Base.lproj/LaunchScreen.storyboard; sourceTree = "<group>"; };
		C92441C3258F9B2C00A95FA2 /* Info.plist */ = {isa = PBXFileReference; lastKnownFileType = text.plist.xml; path = Info.plist; sourceTree = "<group>"; };
		C93BBCCD25BC650100DB97F7 /* SearchHeader.swift */ = {isa = PBXFileReference; lastKnownFileType = sourcecode.swift; path = SearchHeader.swift; sourceTree = "<group>"; };
		C93BBCD025BC65DC00DB97F7 /* SearchHeader.xib */ = {isa = PBXFileReference; lastKnownFileType = file.xib; path = SearchHeader.xib; sourceTree = "<group>"; };
		C93FCA8725CEF0B90022EA8E /* Session.swift */ = {isa = PBXFileReference; lastKnownFileType = sourcecode.swift; path = Session.swift; sourceTree = "<group>"; };
		C942607225CECC650009F91A /* MyInteractiveTransition.swift */ = {isa = PBXFileReference; lastKnownFileType = sourcecode.swift; path = MyInteractiveTransition.swift; sourceTree = "<group>"; };
		C945811C25BDACAD0058D1DF /* CommentsControl.swift */ = {isa = PBXFileReference; lastKnownFileType = sourcecode.swift; path = CommentsControl.swift; sourceTree = "<group>"; };
		C945811F25BDACFB0058D1DF /* RepostControl.swift */ = {isa = PBXFileReference; lastKnownFileType = sourcecode.swift; path = RepostControl.swift; sourceTree = "<group>"; };
		C945812225BDAD190058D1DF /* ViewControl.swift */ = {isa = PBXFileReference; lastKnownFileType = sourcecode.swift; path = ViewControl.swift; sourceTree = "<group>"; };
		C993571025A5D70200C1D851 /* GroupTableViewController.swift */ = {isa = PBXFileReference; lastKnownFileType = sourcecode.swift; path = GroupTableViewController.swift; sourceTree = "<group>"; };
		C9B966B725D46AE900236C49 /* VkLoginViewController.swift */ = {isa = PBXFileReference; lastKnownFileType = sourcecode.swift; path = VkLoginViewController.swift; sourceTree = "<group>"; };
		C9B966BA25D4818C00236C49 /* NetworkManager.swift */ = {isa = PBXFileReference; lastKnownFileType = sourcecode.swift; path = NetworkManager.swift; sourceTree = "<group>"; };
		C9B966BE25D484A900236C49 /* WebKit.framework */ = {isa = PBXFileReference; lastKnownFileType = wrapper.framework; name = WebKit.framework; path = System/Library/Frameworks/WebKit.framework; sourceTree = SDKROOT; };
		C9BEF98A25A8767000BA3C00 /* MyGroupTableViewCell.swift */ = {isa = PBXFileReference; lastKnownFileType = sourcecode.swift; path = MyGroupTableViewCell.swift; sourceTree = "<group>"; };
		C9BEF98D25A89C0A00BA3C00 /* FriendFotoCollectionViewController.swift */ = {isa = PBXFileReference; lastKnownFileType = sourcecode.swift; path = FriendFotoCollectionViewController.swift; sourceTree = "<group>"; };
		C9BEF99025A8A40900BA3C00 /* FriendFotoCollectionViewCell.swift */ = {isa = PBXFileReference; lastKnownFileType = sourcecode.swift; path = FriendFotoCollectionViewCell.swift; sourceTree = "<group>"; };
		C9BEF99325A8B37B00BA3C00 /* FriendTableViewController.swift */ = {isa = PBXFileReference; lastKnownFileType = sourcecode.swift; path = FriendTableViewController.swift; sourceTree = "<group>"; };
		C9BEF99625A8B3AF00BA3C00 /* FriendTableViewCell.swift */ = {isa = PBXFileReference; lastKnownFileType = sourcecode.swift; path = FriendTableViewCell.swift; sourceTree = "<group>"; };
		C9C618AE25B0C4D800C4EEAC /* LikeControl.swift */ = {isa = PBXFileReference; lastKnownFileType = sourcecode.swift; path = LikeControl.swift; sourceTree = "<group>"; };
		C9D49E7B25C1FFE7006FB067 /* LoaderViewController.swift */ = {isa = PBXFileReference; lastKnownFileType = sourcecode.swift; path = LoaderViewController.swift; sourceTree = "<group>"; };
		C9DBAD7425C6BC9500BBC551 /* PreviewPhotoViewController.swift */ = {isa = PBXFileReference; lastKnownFileType = sourcecode.swift; path = PreviewPhotoViewController.swift; sourceTree = "<group>"; };
		C9E8C29A25A7190D00E0E75B /* GroupTableViewCell.swift */ = {isa = PBXFileReference; lastKnownFileType = sourcecode.swift; path = GroupTableViewCell.swift; sourceTree = "<group>"; };
		C9E8C29D25A7893000E0E75B /* MyGroupTableViewController.swift */ = {isa = PBXFileReference; lastKnownFileType = sourcecode.swift; path = MyGroupTableViewController.swift; sourceTree = "<group>"; };
		C9F3F23625C46DB1002D4AED /* IconAction.swift */ = {isa = PBXFileReference; lastKnownFileType = sourcecode.swift; path = IconAction.swift; sourceTree = "<group>"; };
/* End PBXFileReference section */

/* Begin PBXFrameworksBuildPhase section */
		C92441AF258F9B2B00A95FA2 /* Frameworks */ = {
			isa = PBXFrameworksBuildPhase;
			buildActionMask = 2147483647;
			files = (
				C9B966BF25D484A900236C49 /* WebKit.framework in Frameworks */,
				CB0E6B46E3A304573C33E04F /* Pods_HW2_1.framework in Frameworks */,
			);
			runOnlyForDeploymentPostprocessing = 0;
		};
/* End PBXFrameworksBuildPhase section */

/* Begin PBXGroup section */
		530A50E26EA70A88008F06EC /* Frameworks */ = {
			isa = PBXGroup;
			children = (
				C9B966BE25D484A900236C49 /* WebKit.framework */,
				75AFA8681531A493D25677EC /* Pods_HW2_1.framework */,
			);
			name = Frameworks;
			sourceTree = "<group>";
		};
		69517D45F7AF0ECFAFBBD9F7 /* Pods */ = {
			isa = PBXGroup;
			children = (
				06EB8302A5F29813C3CFC0DB /* Pods-HW2.1.debug.xcconfig */,
				3CDD2A674376B14F9E7CD96B /* Pods-HW2.1.release.xcconfig */,
			);
			path = Pods;
			sourceTree = "<group>";
		};
		C9052E5C25CC7A43006417CA /* Helpers */ = {
			isa = PBXGroup;
			children = (
				C9052E5D25CC7A83006417CA /* CustomNavigationViewController.swift */,
				C9052E6025CC7ED5006417CA /* CustomPushAnimator.swift */,
				C9113BA625CEB3B0003E7363 /* CustomPopAnimator.swift */,
				C942607225CECC650009F91A /* MyInteractiveTransition.swift */,
			);
			path = Helpers;
			sourceTree = "<group>";
		};
		C90783A825AA14CC00894143 /* Model */ = {
			isa = PBXGroup;
			children = (
				C90783AA25AA151300894143 /* User.swift */,
				C90783AD25AA152800894143 /* Group.swift */,
				C91474D425BA18590026A1BD /* News.swift */,
			);
			path = Model;
			sourceTree = "<group>";
		};
		C92441A9258F9B2B00A95FA2 = {
			isa = PBXGroup;
			children = (
				C92441B4258F9B2B00A95FA2 /* HW2.1 */,
				C92441B3258F9B2B00A95FA2 /* Products */,
				69517D45F7AF0ECFAFBBD9F7 /* Pods */,
				530A50E26EA70A88008F06EC /* Frameworks */,
			);
			sourceTree = "<group>";
		};
		C92441B3258F9B2B00A95FA2 /* Products */ = {
			isa = PBXGroup;
			children = (
				C92441B2258F9B2B00A95FA2 /* HW2.1.app */,
			);
			name = Products;
			sourceTree = "<group>";
		};
		C92441B4258F9B2B00A95FA2 /* HW2.1 */ = {
			isa = PBXGroup;
			children = (
				C93FCA8625CEF08E0022EA8E /* Networking */,
				C9052E5C25CC7A43006417CA /* Helpers */,
				C945811B25BDABCB0058D1DF /* CommonControls */,
				C9E18EAB25B8A4D300011D89 /* XIB */,
				C90783A825AA14CC00894143 /* Model */,
				C9E8C29825A718A000E0E75B /* Cells */,
				C92441B5258F9B2B00A95FA2 /* AppDelegate.swift */,
				C92441B7258F9B2B00A95FA2 /* SceneDelegate.swift */,
				C92441B9258F9B2B00A95FA2 /* LoginViewController.swift */,
				C9D49E7B25C1FFE7006FB067 /* LoaderViewController.swift */,
				C92441BB258F9B2B00A95FA2 /* Main.storyboard */,
				C92441BE258F9B2C00A95FA2 /* Assets.xcassets */,
				C92441C0258F9B2C00A95FA2 /* LaunchScreen.storyboard */,
				C92441C3258F9B2C00A95FA2 /* Info.plist */,
				C993571025A5D70200C1D851 /* GroupTableViewController.swift */,
				C9E8C29D25A7893000E0E75B /* MyGroupTableViewController.swift */,
				C9BEF98D25A89C0A00BA3C00 /* FriendFotoCollectionViewController.swift */,
				C9BEF99325A8B37B00BA3C00 /* FriendTableViewController.swift */,
				C91474C725B9FEF00026A1BD /* NewsTableViewController.swift */,
				C9F3F23625C46DB1002D4AED /* IconAction.swift */,
				C9DBAD7425C6BC9500BBC551 /* PreviewPhotoViewController.swift */,
				C9B966B725D46AE900236C49 /* VkLoginViewController.swift */,
			);
			path = HW2.1;
			sourceTree = "<group>";
		};
		C93FCA8625CEF08E0022EA8E /* Networking */ = {
			isa = PBXGroup;
			children = (
				C93FCA8725CEF0B90022EA8E /* Session.swift */,
				C9B966BA25D4818C00236C49 /* NetworkManager.swift */,
			);
			path = Networking;
			sourceTree = "<group>";
		};
		C945811B25BDABCB0058D1DF /* CommonControls */ = {
			isa = PBXGroup;
			children = (
				C9C618AE25B0C4D800C4EEAC /* LikeControl.swift */,
				C945811C25BDACAD0058D1DF /* CommentsControl.swift */,
				C945811F25BDACFB0058D1DF /* RepostControl.swift */,
				C945812225BDAD190058D1DF /* ViewControl.swift */,
			);
			path = CommonControls;
			sourceTree = "<group>";
		};
		C9E18EAB25B8A4D300011D89 /* XIB */ = {
			isa = PBXGroup;
			children = (
				C93BBCCD25BC650100DB97F7 /* SearchHeader.swift */,
				C93BBCD025BC65DC00DB97F7 /* SearchHeader.xib */,
			);
			path = XIB;
			sourceTree = "<group>";
		};
		C9E8C29825A718A000E0E75B /* Cells */ = {
			isa = PBXGroup;
			children = (
				C9E8C29A25A7190D00E0E75B /* GroupTableViewCell.swift */,
				C9BEF98A25A8767000BA3C00 /* MyGroupTableViewCell.swift */,
				C9BEF99025A8A40900BA3C00 /* FriendFotoCollectionViewCell.swift */,
				C9BEF99625A8B3AF00BA3C00 /* FriendTableViewCell.swift */,
				C91474CD25BA054A0026A1BD /* NewsTableViewCell.swift */,
				C91474CE25BA054A0026A1BD /* NewsTableViewCell.xib */,
			);
			path = Cells;
			sourceTree = "<group>";
		};
/* End PBXGroup section */

/* Begin PBXNativeTarget section */
		C92441B1258F9B2B00A95FA2 /* HW2.1 */ = {
			isa = PBXNativeTarget;
			buildConfigurationList = C92441C6258F9B2C00A95FA2 /* Build configuration list for PBXNativeTarget "HW2.1" */;
			buildPhases = (
				4444A5A2293C2D9FA1403B8F /* [CP] Check Pods Manifest.lock */,
				C92441AE258F9B2B00A95FA2 /* Sources */,
				C92441AF258F9B2B00A95FA2 /* Frameworks */,
				C92441B0258F9B2B00A95FA2 /* Resources */,
				B8DDEA556A4AC052CD653A12 /* [CP] Embed Pods Frameworks */,
			);
			buildRules = (
			);
			dependencies = (
			);
			name = HW2.1;
			productName = HW2.1;
			productReference = C92441B2258F9B2B00A95FA2 /* HW2.1.app */;
			productType = "com.apple.product-type.application";
		};
/* End PBXNativeTarget section */

/* Begin PBXProject section */
		C92441AA258F9B2B00A95FA2 /* Project object */ = {
			isa = PBXProject;
			attributes = {
				LastSwiftUpdateCheck = 1220;
				LastUpgradeCheck = 1220;
				TargetAttributes = {
					C92441B1258F9B2B00A95FA2 = {
						CreatedOnToolsVersion = 12.2;
					};
				};
			};
			buildConfigurationList = C92441AD258F9B2B00A95FA2 /* Build configuration list for PBXProject "HW2.1" */;
			compatibilityVersion = "Xcode 9.3";
			developmentRegion = en;
			hasScannedForEncodings = 0;
			knownRegions = (
				en,
				Base,
			);
			mainGroup = C92441A9258F9B2B00A95FA2;
			productRefGroup = C92441B3258F9B2B00A95FA2 /* Products */;
			projectDirPath = "";
			projectRoot = "";
			targets = (
				C92441B1258F9B2B00A95FA2 /* HW2.1 */,
			);
		};
/* End PBXProject section */

/* Begin PBXResourcesBuildPhase section */
		C92441B0258F9B2B00A95FA2 /* Resources */ = {
			isa = PBXResourcesBuildPhase;
			buildActionMask = 2147483647;
			files = (
				C93BBCD125BC65DC00DB97F7 /* SearchHeader.xib in Resources */,
				C92441CC258FAD2F00A95FA2 /* Main.storyboard in Resources */,
				C92441C2258F9B2C00A95FA2 /* LaunchScreen.storyboard in Resources */,
				C92441BF258F9B2C00A95FA2 /* Assets.xcassets in Resources */,
				C91474D025BA054A0026A1BD /* NewsTableViewCell.xib in Resources */,
			);
			runOnlyForDeploymentPostprocessing = 0;
		};
/* End PBXResourcesBuildPhase section */

/* Begin PBXShellScriptBuildPhase section */
		4444A5A2293C2D9FA1403B8F /* [CP] Check Pods Manifest.lock */ = {
			isa = PBXShellScriptBuildPhase;
			buildActionMask = 2147483647;
			files = (
			);
			inputFileListPaths = (
			);
			inputPaths = (
				"${PODS_PODFILE_DIR_PATH}/Podfile.lock",
				"${PODS_ROOT}/Manifest.lock",
			);
			name = "[CP] Check Pods Manifest.lock";
			outputFileListPaths = (
			);
			outputPaths = (
				"$(DERIVED_FILE_DIR)/Pods-HW2.1-checkManifestLockResult.txt",
			);
			runOnlyForDeploymentPostprocessing = 0;
			shellPath = /bin/sh;
			shellScript = "diff \"${PODS_PODFILE_DIR_PATH}/Podfile.lock\" \"${PODS_ROOT}/Manifest.lock\" > /dev/null\nif [ $? != 0 ] ; then\n    # print error to STDERR\n    echo \"error: The sandbox is not in sync with the Podfile.lock. Run 'pod install' or update your CocoaPods installation.\" >&2\n    exit 1\nfi\n# This output is used by Xcode 'outputs' to avoid re-running this script phase.\necho \"SUCCESS\" > \"${SCRIPT_OUTPUT_FILE_0}\"\n";
			showEnvVarsInLog = 0;
		};
		B8DDEA556A4AC052CD653A12 /* [CP] Embed Pods Frameworks */ = {
			isa = PBXShellScriptBuildPhase;
			buildActionMask = 2147483647;
			files = (
			);
			inputFileListPaths = (
				"${PODS_ROOT}/Target Support Files/Pods-HW2.1/Pods-HW2.1-frameworks-${CONFIGURATION}-input-files.xcfilelist",
			);
			name = "[CP] Embed Pods Frameworks";
			outputFileListPaths = (
				"${PODS_ROOT}/Target Support Files/Pods-HW2.1/Pods-HW2.1-frameworks-${CONFIGURATION}-output-files.xcfilelist",
			);
			runOnlyForDeploymentPostprocessing = 0;
			shellPath = /bin/sh;
			shellScript = "\"${PODS_ROOT}/Target Support Files/Pods-HW2.1/Pods-HW2.1-frameworks.sh\"\n";
			showEnvVarsInLog = 0;
		};
/* End PBXShellScriptBuildPhase section */

/* Begin PBXSourcesBuildPhase section */
		C92441AE258F9B2B00A95FA2 /* Sources */ = {
			isa = PBXSourcesBuildPhase;
			buildActionMask = 2147483647;
			files = (
				C92441BA258F9B2B00A95FA2 /* LoginViewController.swift in Sources */,
				C9BEF98B25A8767000BA3C00 /* MyGroupTableViewCell.swift in Sources */,
				C93BBCCE25BC650100DB97F7 /* SearchHeader.swift in Sources */,
				C9052E6125CC7ED5006417CA /* CustomPushAnimator.swift in Sources */,
				C9C618AF25B0C4D800C4EEAC /* LikeControl.swift in Sources */,
				C9E8C29E25A7893000E0E75B /* MyGroupTableViewController.swift in Sources */,
				C9BEF99425A8B37B00BA3C00 /* FriendTableViewController.swift in Sources */,
				C993571125A5D70200C1D851 /* GroupTableViewController.swift in Sources */,
				C9BEF98E25A89C0A00BA3C00 /* FriendFotoCollectionViewController.swift in Sources */,
				C90783AE25AA152800894143 /* Group.swift in Sources */,
				C92441B6258F9B2B00A95FA2 /* AppDelegate.swift in Sources */,
				C9B966B825D46AE900236C49 /* VkLoginViewController.swift in Sources */,
				C92441B8258F9B2B00A95FA2 /* SceneDelegate.swift in Sources */,
				C9052E5E25CC7A83006417CA /* CustomNavigationViewController.swift in Sources */,
				C90783AB25AA151300894143 /* User.swift in Sources */,
				C93FCA8825CEF0B90022EA8E /* Session.swift in Sources */,
				C945812025BDACFC0058D1DF /* RepostControl.swift in Sources */,
				C9D49E7C25C1FFE7006FB067 /* LoaderViewController.swift in Sources */,
				C9B966BB25D4818C00236C49 /* NetworkManager.swift in Sources */,
				C91474C825B9FEF00026A1BD /* NewsTableViewController.swift in Sources */,
				C945811D25BDACAD0058D1DF /* CommentsControl.swift in Sources */,
				C9E8C29B25A7190D00E0E75B /* GroupTableViewCell.swift in Sources */,
				C91474CF25BA054A0026A1BD /* NewsTableViewCell.swift in Sources */,
				C945812325BDAD190058D1DF /* ViewControl.swift in Sources */,
				C9113BA725CEB3B0003E7363 /* CustomPopAnimator.swift in Sources */,
				C9BEF99725A8B3AF00BA3C00 /* FriendTableViewCell.swift in Sources */,
				C9DBAD7525C6BC9500BBC551 /* PreviewPhotoViewController.swift in Sources */,
				C9F3F23725C46DB1002D4AED /* IconAction.swift in Sources */,
				C942607325CECC650009F91A /* MyInteractiveTransition.swift in Sources */,
				C91474D525BA18590026A1BD /* News.swift in Sources */,
				C9BEF99125A8A40900BA3C00 /* FriendFotoCollectionViewCell.swift in Sources */,
			);
			runOnlyForDeploymentPostprocessing = 0;
		};
/* End PBXSourcesBuildPhase section */

/* Begin PBXVariantGroup section */
		C92441BB258F9B2B00A95FA2 /* Main.storyboard */ = {
			isa = PBXVariantGroup;
			children = (
				C92441BC258F9B2B00A95FA2 /* Base */,
			);
			name = Main.storyboard;
			sourceTree = "<group>";
			usesTabs = 0;
		};
		C92441C0258F9B2C00A95FA2 /* LaunchScreen.storyboard */ = {
			isa = PBXVariantGroup;
			children = (
				C92441C1258F9B2C00A95FA2 /* Base */,
			);
			name = LaunchScreen.storyboard;
			sourceTree = "<group>";
		};
/* End PBXVariantGroup section */

/* Begin XCBuildConfiguration section */
		C92441C4258F9B2C00A95FA2 /* Debug */ = {
			isa = XCBuildConfiguration;
			buildSettings = {
				ALWAYS_SEARCH_USER_PATHS = NO;
				CLANG_ANALYZER_NONNULL = YES;
				CLANG_ANALYZER_NUMBER_OBJECT_CONVERSION = YES_AGGRESSIVE;
				CLANG_CXX_LANGUAGE_STANDARD = "gnu++14";
				CLANG_CXX_LIBRARY = "libc++";
				CLANG_ENABLE_MODULES = YES;
				CLANG_ENABLE_OBJC_ARC = YES;
				CLANG_ENABLE_OBJC_WEAK = YES;
				CLANG_WARN_BLOCK_CAPTURE_AUTORELEASING = YES;
				CLANG_WARN_BOOL_CONVERSION = YES;
				CLANG_WARN_COMMA = YES;
				CLANG_WARN_CONSTANT_CONVERSION = YES;
				CLANG_WARN_DEPRECATED_OBJC_IMPLEMENTATIONS = YES;
				CLANG_WARN_DIRECT_OBJC_ISA_USAGE = YES_ERROR;
				CLANG_WARN_DOCUMENTATION_COMMENTS = YES;
				CLANG_WARN_EMPTY_BODY = YES;
				CLANG_WARN_ENUM_CONVERSION = YES;
				CLANG_WARN_INFINITE_RECURSION = YES;
				CLANG_WARN_INT_CONVERSION = YES;
				CLANG_WARN_NON_LITERAL_NULL_CONVERSION = YES;
				CLANG_WARN_OBJC_IMPLICIT_RETAIN_SELF = YES;
				CLANG_WARN_OBJC_LITERAL_CONVERSION = YES;
				CLANG_WARN_OBJC_ROOT_CLASS = YES_ERROR;
				CLANG_WARN_QUOTED_INCLUDE_IN_FRAMEWORK_HEADER = YES;
				CLANG_WARN_RANGE_LOOP_ANALYSIS = YES;
				CLANG_WARN_STRICT_PROTOTYPES = YES;
				CLANG_WARN_SUSPICIOUS_MOVE = YES;
				CLANG_WARN_UNGUARDED_AVAILABILITY = YES_AGGRESSIVE;
				CLANG_WARN_UNREACHABLE_CODE = YES;
				CLANG_WARN__DUPLICATE_METHOD_MATCH = YES;
				COPY_PHASE_STRIP = NO;
				DEBUG_INFORMATION_FORMAT = dwarf;
				ENABLE_STRICT_OBJC_MSGSEND = YES;
				ENABLE_TESTABILITY = YES;
				GCC_C_LANGUAGE_STANDARD = gnu11;
				GCC_DYNAMIC_NO_PIC = NO;
				GCC_NO_COMMON_BLOCKS = YES;
				GCC_OPTIMIZATION_LEVEL = 0;
				GCC_PREPROCESSOR_DEFINITIONS = (
					"DEBUG=1",
					"$(inherited)",
				);
				GCC_WARN_64_TO_32_BIT_CONVERSION = YES;
				GCC_WARN_ABOUT_RETURN_TYPE = YES_ERROR;
				GCC_WARN_UNDECLARED_SELECTOR = YES;
				GCC_WARN_UNINITIALIZED_AUTOS = YES_AGGRESSIVE;
				GCC_WARN_UNUSED_FUNCTION = YES;
				GCC_WARN_UNUSED_VARIABLE = YES;
				IPHONEOS_DEPLOYMENT_TARGET = 14.2;
				MTL_ENABLE_DEBUG_INFO = INCLUDE_SOURCE;
				MTL_FAST_MATH = YES;
				ONLY_ACTIVE_ARCH = YES;
				SDKROOT = iphoneos;
				SWIFT_ACTIVE_COMPILATION_CONDITIONS = DEBUG;
				SWIFT_OPTIMIZATION_LEVEL = "-Onone";
			};
			name = Debug;
		};
		C92441C5258F9B2C00A95FA2 /* Release */ = {
			isa = XCBuildConfiguration;
			buildSettings = {
				ALWAYS_SEARCH_USER_PATHS = NO;
				CLANG_ANALYZER_NONNULL = YES;
				CLANG_ANALYZER_NUMBER_OBJECT_CONVERSION = YES_AGGRESSIVE;
				CLANG_CXX_LANGUAGE_STANDARD = "gnu++14";
				CLANG_CXX_LIBRARY = "libc++";
				CLANG_ENABLE_MODULES = YES;
				CLANG_ENABLE_OBJC_ARC = YES;
				CLANG_ENABLE_OBJC_WEAK = YES;
				CLANG_WARN_BLOCK_CAPTURE_AUTORELEASING = YES;
				CLANG_WARN_BOOL_CONVERSION = YES;
				CLANG_WARN_COMMA = YES;
				CLANG_WARN_CONSTANT_CONVERSION = YES;
				CLANG_WARN_DEPRECATED_OBJC_IMPLEMENTATIONS = YES;
				CLANG_WARN_DIRECT_OBJC_ISA_USAGE = YES_ERROR;
				CLANG_WARN_DOCUMENTATION_COMMENTS = YES;
				CLANG_WARN_EMPTY_BODY = YES;
				CLANG_WARN_ENUM_CONVERSION = YES;
				CLANG_WARN_INFINITE_RECURSION = YES;
				CLANG_WARN_INT_CONVERSION = YES;
				CLANG_WARN_NON_LITERAL_NULL_CONVERSION = YES;
				CLANG_WARN_OBJC_IMPLICIT_RETAIN_SELF = YES;
				CLANG_WARN_OBJC_LITERAL_CONVERSION = YES;
				CLANG_WARN_OBJC_ROOT_CLASS = YES_ERROR;
				CLANG_WARN_QUOTED_INCLUDE_IN_FRAMEWORK_HEADER = YES;
				CLANG_WARN_RANGE_LOOP_ANALYSIS = YES;
				CLANG_WARN_STRICT_PROTOTYPES = YES;
				CLANG_WARN_SUSPICIOUS_MOVE = YES;
				CLANG_WARN_UNGUARDED_AVAILABILITY = YES_AGGRESSIVE;
				CLANG_WARN_UNREACHABLE_CODE = YES;
				CLANG_WARN__DUPLICATE_METHOD_MATCH = YES;
				COPY_PHASE_STRIP = NO;
				DEBUG_INFORMATION_FORMAT = "dwarf-with-dsym";
				ENABLE_NS_ASSERTIONS = NO;
				ENABLE_STRICT_OBJC_MSGSEND = YES;
				GCC_C_LANGUAGE_STANDARD = gnu11;
				GCC_NO_COMMON_BLOCKS = YES;
				GCC_WARN_64_TO_32_BIT_CONVERSION = YES;
				GCC_WARN_ABOUT_RETURN_TYPE = YES_ERROR;
				GCC_WARN_UNDECLARED_SELECTOR = YES;
				GCC_WARN_UNINITIALIZED_AUTOS = YES_AGGRESSIVE;
				GCC_WARN_UNUSED_FUNCTION = YES;
				GCC_WARN_UNUSED_VARIABLE = YES;
				IPHONEOS_DEPLOYMENT_TARGET = 14.2;
				MTL_ENABLE_DEBUG_INFO = NO;
				MTL_FAST_MATH = YES;
				SDKROOT = iphoneos;
				SWIFT_COMPILATION_MODE = wholemodule;
				SWIFT_OPTIMIZATION_LEVEL = "-O";
				VALIDATE_PRODUCT = YES;
			};
			name = Release;
		};
		C92441C7258F9B2C00A95FA2 /* Debug */ = {
			isa = XCBuildConfiguration;
			baseConfigurationReference = 06EB8302A5F29813C3CFC0DB /* Pods-HW2.1.debug.xcconfig */;
			buildSettings = {
				ASSETCATALOG_COMPILER_APPICON_NAME = AppIcon;
				ASSETCATALOG_COMPILER_GLOBAL_ACCENT_COLOR_NAME = AccentColor;
				CODE_SIGN_STYLE = Automatic;
				DEVELOPMENT_TEAM = QPNAA454T2;
				INFOPLIST_FILE = HW2.1/Info.plist;
				LD_RUNPATH_SEARCH_PATHS = (
					"$(inherited)",
					"@executable_path/Frameworks",
				);
				PRODUCT_BUNDLE_IDENTIFIER = "HW2.1.HW2-1";
				PRODUCT_NAME = "$(TARGET_NAME)";
				SWIFT_VERSION = 5.0;
				TARGETED_DEVICE_FAMILY = "1,2";
			};
			name = Debug;
		};
		C92441C8258F9B2C00A95FA2 /* Release */ = {
			isa = XCBuildConfiguration;
			baseConfigurationReference = 3CDD2A674376B14F9E7CD96B /* Pods-HW2.1.release.xcconfig */;
			buildSettings = {
				ASSETCATALOG_COMPILER_APPICON_NAME = AppIcon;
				ASSETCATALOG_COMPILER_GLOBAL_ACCENT_COLOR_NAME = AccentColor;
				CODE_SIGN_STYLE = Automatic;
				DEVELOPMENT_TEAM = QPNAA454T2;
				INFOPLIST_FILE = HW2.1/Info.plist;
				LD_RUNPATH_SEARCH_PATHS = (
					"$(inherited)",
					"@executable_path/Frameworks",
				);
				PRODUCT_BUNDLE_IDENTIFIER = "HW2.1.HW2-1";
				PRODUCT_NAME = "$(TARGET_NAME)";
				SWIFT_VERSION = 5.0;
				TARGETED_DEVICE_FAMILY = "1,2";
			};
			name = Release;
		};
/* End XCBuildConfiguration section */

/* Begin XCConfigurationList section */
		C92441AD258F9B2B00A95FA2 /* Build configuration list for PBXProject "HW2.1" */ = {
			isa = XCConfigurationList;
			buildConfigurations = (
				C92441C4258F9B2C00A95FA2 /* Debug */,
				C92441C5258F9B2C00A95FA2 /* Release */,
			);
			defaultConfigurationIsVisible = 0;
			defaultConfigurationName = Release;
		};
		C92441C6258F9B2C00A95FA2 /* Build configuration list for PBXNativeTarget "HW2.1" */ = {
			isa = XCConfigurationList;
			buildConfigurations = (
				C92441C7258F9B2C00A95FA2 /* Debug */,
				C92441C8258F9B2C00A95FA2 /* Release */,
			);
			defaultConfigurationIsVisible = 0;
			defaultConfigurationName = Release;
		};
/* End XCConfigurationList section */
	};
	rootObject = C92441AA258F9B2B00A95FA2 /* Project object */;
}
